
Microsoft Visual Studio Solution File, Format Version 12.00
# Visual Studio Version 16
VisualStudioVersion = 16.0.28803.202
MinimumVisualStudioVersion = 10.0.40219.1
Project("{FAE04EC0-301F-11D3-BF4B-00C04F79EFBC}") = "Server", "HW2\Server.csproj", "{7F5A7AC4-73CF-4617-B21C-E0EAB49E4F3A}"
EndProject
Project("{FAE04EC0-301F-11D3-BF4B-00C04F79EFBC}") = "Client", "Client\Client.csproj", "{1B209CDE-485E-4DA0-8003-E986711FB126}"
EndProject
Project("{FAE04EC0-301F-11D3-BF4B-00C04F79EFBC}") = "ClassLibrary1", "ClassLibrary1\ClassLibrary1.csproj", "{C299D335-0A32-4513-AC7B-C3C57085C48E}"
EndProject
Global
	GlobalSection(SolutionConfigurationPlatforms) = preSolution
		Debug|Any CPU = Debug|Any CPU
		Release|Any CPU = Release|Any CPU
	EndGlobalSection
	GlobalSection(ProjectConfigurationPlatforms) = postSolution
		{7F5A7AC4-73CF-4617-B21C-E0EAB49E4F3A}.Debug|Any CPU.ActiveCfg = Debug|Any CPU
		{7F5A7AC4-73CF-4617-B21C-E0EAB49E4F3A}.Debug|Any CPU.Build.0 = Debug|Any CPU
		{7F5A7AC4-73CF-4617-B21C-E0EAB49E4F3A}.Release|Any CPU.ActiveCfg = Release|Any CPU
		{7F5A7AC4-73CF-4617-B21C-E0EAB49E4F3A}.Release|Any CPU.Build.0 = Release|Any CPU
		{1B209CDE-485E-4DA0-8003-E986711FB126}.Debug|Any CPU.ActiveCfg = Debug|Any CPU
		{1B209CDE-485E-4DA0-8003-E986711FB126}.Debug|Any CPU.Build.0 = Debug|Any CPU
		{1B209CDE-485E-4DA0-8003-E986711FB126}.Release|Any CPU.ActiveCfg = Release|Any CPU
		{1B209CDE-485E-4DA0-8003-E986711FB126}.Release|Any CPU.Build.0 = Release|Any CPU
		{C299D335-0A32-4513-AC7B-C3C57085C48E}.Debug|Any CPU.ActiveCfg = Debug|Any CPU
		{C299D335-0A32-4513-AC7B-C3C57085C48E}.Debug|Any CPU.Build.0 = Debug|Any CPU
		{C299D335-0A32-4513-AC7B-C3C57085C48E}.Release|Any CPU.ActiveCfg = Release|Any CPU
		{C299D335-0A32-4513-AC7B-C3C57085C48E}.Release|Any CPU.Build.0 = Release|Any CPU
	EndGlobalSection
	GlobalSection(SolutionProperties) = preSolution
		HideSolutionNode = FALSE
	EndGlobalSection
	GlobalSection(ExtensibilityGlobals) = postSolution
		SolutionGuid = {FDB2B75D-6BF7-46A5-80EA-D366126B39E1}
	EndGlobalSection
EndGlobal
